
Microsoft Visual Studio Solution File, Format Version 12.00
# Visual Studio Version 16
VisualStudioVersion = 16.0.32002.261
MinimumVisualStudioVersion = 10.0.40219.1
Project("{FAE04EC0-301F-11D3-BF4B-00C04F79EFBC}") = "ApiGUSRPTests", "ApiGUSRPTests\ApiGUSRPTests.csproj", "{0F759B00-3C57-4253-8E9A-7D5047CF8954}"
EndProject
Project("{FAE04EC0-301F-11D3-BF4B-00C04F79EFBC}") = "ApiGUSRPLib", "ApiGUSRPLib\ApiGUSRPLib.csproj", "{CC823D69-61B9-4086-B806-C650099AF1A7}"
EndProject
Global
	GlobalSection(SolutionConfigurationPlatforms) = preSolution
		Debug|Any CPU = Debug|Any CPU
		Release|Any CPU = Release|Any CPU
	EndGlobalSection
	GlobalSection(ProjectConfigurationPlatforms) = postSolution
		{0F759B00-3C57-4253-8E9A-7D5047CF8954}.Debug|Any CPU.ActiveCfg = Debug|Any CPU
		{0F759B00-3C57-4253-8E9A-7D5047CF8954}.Debug|Any CPU.Build.0 = Debug|Any CPU
		{0F759B00-3C57-4253-8E9A-7D5047CF8954}.Release|Any CPU.ActiveCfg = Release|Any CPU
		{0F759B00-3C57-4253-8E9A-7D5047CF8954}.Release|Any CPU.Build.0 = Release|Any CPU
		{CC823D69-61B9-4086-B806-C650099AF1A7}.Debug|Any CPU.ActiveCfg = Debug|Any CPU
		{CC823D69-61B9-4086-B806-C650099AF1A7}.Debug|Any CPU.Build.0 = Debug|Any CPU
		{CC823D69-61B9-4086-B806-C650099AF1A7}.Release|Any CPU.ActiveCfg = Release|Any CPU
		{CC823D69-61B9-4086-B806-C650099AF1A7}.Release|Any CPU.Build.0 = Release|Any CPU
	EndGlobalSection
	GlobalSection(SolutionProperties) = preSolution
		HideSolutionNode = FALSE
	EndGlobalSection
	GlobalSection(ExtensibilityGlobals) = postSolution
		SolutionGuid = {E6F32D9D-0148-4107-A407-D4A08101521A}
	EndGlobalSection
EndGlobal
